
Microsoft Visual Studio Solution File, Format Version 12.00
# Visual Studio Version 17
VisualStudioVersion = 17.6.33829.357
MinimumVisualStudioVersion = 10.0.40219.1
Project("{FAE04EC0-301F-11D3-BF4B-00C04F79EFBC}") = "My_Barbershop", "My_Barbershop\My_Barbershop.csproj", "{1AB2EDD1-D76C-4175-B46F-9D12B517846D}"
EndProject
Global
	GlobalSection(SolutionConfigurationPlatforms) = preSolution
		Debug|Any CPU = Debug|Any CPU
		Release|Any CPU = Release|Any CPU
	EndGlobalSection
	GlobalSection(ProjectConfigurationPlatforms) = postSolution
		{1AB2EDD1-D76C-4175-B46F-9D12B517846D}.Debug|Any CPU.ActiveCfg = Debug|Any CPU
		{1AB2EDD1-D76C-4175-B46F-9D12B517846D}.Debug|Any CPU.Build.0 = Debug|Any CPU
		{1AB2EDD1-D76C-4175-B46F-9D12B517846D}.Release|Any CPU.ActiveCfg = Release|Any CPU
		{1AB2EDD1-D76C-4175-B46F-9D12B517846D}.Release|Any CPU.Build.0 = Release|Any CPU
	EndGlobalSection
	GlobalSection(SolutionProperties) = preSolution
		HideSolutionNode = FALSE
	EndGlobalSection
	GlobalSection(ExtensibilityGlobals) = postSolution
		SolutionGuid = {182FC00E-BB7D-452E-89CB-4FFBD5BCD4BE}
	EndGlobalSection
EndGlobal
